// !$*UTF8*$!
{
	archiveVersion = 1;
	classes = {
	};
	objectVersion = 48;
	objects = {

/* Begin PBXBuildFile section */
		4122963D1F9F0FD0002DDD1C /* AppDelegate.swift in Sources */ = {isa = PBXBuildFile; fileRef = 4122963C1F9F0FD0002DDD1C /* AppDelegate.swift */; };
		4122963F1F9F0FD0002DDD1C /* HomeController.swift in Sources */ = {isa = PBXBuildFile; fileRef = 4122963E1F9F0FD0002DDD1C /* HomeController.swift */; };
		412296421F9F0FD0002DDD1C /* Main.storyboard in Resources */ = {isa = PBXBuildFile; fileRef = 412296401F9F0FD0002DDD1C /* Main.storyboard */; };
		412296441F9F0FD0002DDD1C /* Assets.xcassets in Resources */ = {isa = PBXBuildFile; fileRef = 412296431F9F0FD0002DDD1C /* Assets.xcassets */; };
		412296471F9F0FD0002DDD1C /* LaunchScreen.storyboard in Resources */ = {isa = PBXBuildFile; fileRef = 412296451F9F0FD0002DDD1C /* LaunchScreen.storyboard */; };
		413499331FA29A9500EC14D1 /* Default-568h@2x.png in Resources */ = {isa = PBXBuildFile; fileRef = 413499321FA29A9500EC14D1 /* Default-568h@2x.png */; };
		413499351FA2AAED00EC14D1 /* SettingsLauncher.swift in Sources */ = {isa = PBXBuildFile; fileRef = 413499341FA2AAED00EC14D1 /* SettingsLauncher.swift */; };
		413499371FA2B32700EC14D1 /* SettingCell.swift in Sources */ = {isa = PBXBuildFile; fileRef = 413499361FA2B32700EC14D1 /* SettingCell.swift */; };
		4134993C1FA3DC9C00EC14D1 /* ApiService.swift in Sources */ = {isa = PBXBuildFile; fileRef = 4134993B1FA3DC9C00EC14D1 /* ApiService.swift */; };
		4134993E1FA400EA00EC14D1 /* FeedCell.swift in Sources */ = {isa = PBXBuildFile; fileRef = 4134993D1FA400EA00EC14D1 /* FeedCell.swift */; };
		4162CD9D1FA12687002D1E11 /* Extensions.swift in Sources */ = {isa = PBXBuildFile; fileRef = 4162CD9C1FA12687002D1E11 /* Extensions.swift */; };
		4162CDA01FA1271A002D1E11 /* VideoCell.swift in Sources */ = {isa = PBXBuildFile; fileRef = 4162CD9F1FA1271A002D1E11 /* VideoCell.swift */; };
		4162CDA31FA12BAE002D1E11 /* MenuBar.swift in Sources */ = {isa = PBXBuildFile; fileRef = 4162CDA21FA12BAE002D1E11 /* MenuBar.swift */; };
		4162CDA61FA17A3C002D1E11 /* Video.swift in Sources */ = {isa = PBXBuildFile; fileRef = 4162CDA51FA17A3C002D1E11 /* Video.swift */; };
/* End PBXBuildFile section */

/* Begin PBXFileReference section */
		412296391F9F0FD0002DDD1C /* youtube.app */ = {isa = PBXFileReference; explicitFileType = wrapper.application; includeInIndex = 0; path = youtube.app; sourceTree = BUILT_PRODUCTS_DIR; };
		4122963C1F9F0FD0002DDD1C /* AppDelegate.swift */ = {isa = PBXFileReference; lastKnownFileType = sourcecode.swift; path = AppDelegate.swift; sourceTree = "<group>"; };
		4122963E1F9F0FD0002DDD1C /* HomeController.swift */ = {isa = PBXFileReference; lastKnownFileType = sourcecode.swift; path = HomeController.swift; sourceTree = "<group>"; };
		412296411F9F0FD0002DDD1C /* Base */ = {isa = PBXFileReference; lastKnownFileType = file.storyboard; name = Base; path = Base.lproj/Main.storyboard; sourceTree = "<group>"; };
		412296431F9F0FD0002DDD1C /* Assets.xcassets */ = {isa = PBXFileReference; lastKnownFileType = folder.assetcatalog; path = Assets.xcassets; sourceTree = "<group>"; };
		412296461F9F0FD0002DDD1C /* Base */ = {isa = PBXFileReference; lastKnownFileType = file.storyboard; name = Base; path = Base.lproj/LaunchScreen.storyboard; sourceTree = "<group>"; };
		412296481F9F0FD0002DDD1C /* Info.plist */ = {isa = PBXFileReference; lastKnownFileType = text.plist.xml; path = Info.plist; sourceTree = "<group>"; };
		413499321FA29A9500EC14D1 /* Default-568h@2x.png */ = {isa = PBXFileReference; lastKnownFileType = image.png; path = "Default-568h@2x.png"; sourceTree = "<group>"; };
		413499341FA2AAED00EC14D1 /* SettingsLauncher.swift */ = {isa = PBXFileReference; lastKnownFileType = sourcecode.swift; path = SettingsLauncher.swift; sourceTree = "<group>"; };
		413499361FA2B32700EC14D1 /* SettingCell.swift */ = {isa = PBXFileReference; lastKnownFileType = sourcecode.swift; path = SettingCell.swift; sourceTree = "<group>"; };
		4134993B1FA3DC9C00EC14D1 /* ApiService.swift */ = {isa = PBXFileReference; lastKnownFileType = sourcecode.swift; path = ApiService.swift; sourceTree = "<group>"; };
		4134993D1FA400EA00EC14D1 /* FeedCell.swift */ = {isa = PBXFileReference; lastKnownFileType = sourcecode.swift; path = FeedCell.swift; sourceTree = "<group>"; };
		4162CD9C1FA12687002D1E11 /* Extensions.swift */ = {isa = PBXFileReference; lastKnownFileType = sourcecode.swift; path = Extensions.swift; sourceTree = "<group>"; };
		4162CD9F1FA1271A002D1E11 /* VideoCell.swift */ = {isa = PBXFileReference; lastKnownFileType = sourcecode.swift; path = VideoCell.swift; sourceTree = "<group>"; };
		4162CDA21FA12BAE002D1E11 /* MenuBar.swift */ = {isa = PBXFileReference; lastKnownFileType = sourcecode.swift; path = MenuBar.swift; sourceTree = "<group>"; };
		4162CDA51FA17A3C002D1E11 /* Video.swift */ = {isa = PBXFileReference; lastKnownFileType = sourcecode.swift; path = Video.swift; sourceTree = "<group>"; };
/* End PBXFileReference section */

/* Begin PBXFrameworksBuildPhase section */
		412296361F9F0FD0002DDD1C /* Frameworks */ = {
			isa = PBXFrameworksBuildPhase;
			buildActionMask = 2147483647;
			files = (
			);
			runOnlyForDeploymentPostprocessing = 0;
		};
/* End PBXFrameworksBuildPhase section */

/* Begin PBXGroup section */
		412296301F9F0FD0002DDD1C = {
			isa = PBXGroup;
			children = (
				413499321FA29A9500EC14D1 /* Default-568h@2x.png */,
				4122963B1F9F0FD0002DDD1C /* youtube */,
				4122963A1F9F0FD0002DDD1C /* Products */,
			);
			sourceTree = "<group>";
		};
		4122963A1F9F0FD0002DDD1C /* Products */ = {
			isa = PBXGroup;
			children = (
				412296391F9F0FD0002DDD1C /* youtube.app */,
			);
			name = Products;
			sourceTree = "<group>";
		};
		4122963B1F9F0FD0002DDD1C /* youtube */ = {
			isa = PBXGroup;
			children = (
				4134993A1FA3DBAA00EC14D1 /* ApiService */,
				4162CDA41FA17A2B002D1E11 /* Model */,
				4122963C1F9F0FD0002DDD1C /* AppDelegate.swift */,
				4162CDA11FA12784002D1E11 /* Controller */,
				4162CD9E1FA126E4002D1E11 /* View */,
				4162CD9B1FA1266E002D1E11 /* Helpers */,
				412296401F9F0FD0002DDD1C /* Main.storyboard */,
				412296431F9F0FD0002DDD1C /* Assets.xcassets */,
				412296451F9F0FD0002DDD1C /* LaunchScreen.storyboard */,
				412296481F9F0FD0002DDD1C /* Info.plist */,
			);
			path = youtube;
			sourceTree = "<group>";
		};
		4134993A1FA3DBAA00EC14D1 /* ApiService */ = {
			isa = PBXGroup;
			children = (
				4134993B1FA3DC9C00EC14D1 /* ApiService.swift */,
			);
			path = ApiService;
			sourceTree = "<group>";
		};
		4162CD9B1FA1266E002D1E11 /* Helpers */ = {
			isa = PBXGroup;
			children = (
				4162CD9C1FA12687002D1E11 /* Extensions.swift */,
			);
			path = Helpers;
			sourceTree = "<group>";
		};
		4162CD9E1FA126E4002D1E11 /* View */ = {
			isa = PBXGroup;
			children = (
				4162CD9F1FA1271A002D1E11 /* VideoCell.swift */,
				4162CDA21FA12BAE002D1E11 /* MenuBar.swift */,
				413499361FA2B32700EC14D1 /* SettingCell.swift */,
				4134993D1FA400EA00EC14D1 /* FeedCell.swift */,
			);
			path = View;
			sourceTree = "<group>";
		};
		4162CDA11FA12784002D1E11 /* Controller */ = {
			isa = PBXGroup;
			children = (
				4122963E1F9F0FD0002DDD1C /* HomeController.swift */,
				413499341FA2AAED00EC14D1 /* SettingsLauncher.swift */,
			);
			path = Controller;
			sourceTree = "<group>";
		};
		4162CDA41FA17A2B002D1E11 /* Model */ = {
			isa = PBXGroup;
			children = (
				4162CDA51FA17A3C002D1E11 /* Video.swift */,
			);
			path = Model;
			sourceTree = "<group>";
		};
/* End PBXGroup section */

/* Begin PBXNativeTarget section */
		412296381F9F0FD0002DDD1C /* youtube */ = {
			isa = PBXNativeTarget;
			buildConfigurationList = 4122964B1F9F0FD0002DDD1C /* Build configuration list for PBXNativeTarget "youtube" */;
			buildPhases = (
				412296351F9F0FD0002DDD1C /* Sources */,
				412296361F9F0FD0002DDD1C /* Frameworks */,
				412296371F9F0FD0002DDD1C /* Resources */,
			);
			buildRules = (
			);
			dependencies = (
			);
			name = youtube;
			productName = youtube;
			productReference = 412296391F9F0FD0002DDD1C /* youtube.app */;
			productType = "com.apple.product-type.application";
		};
/* End PBXNativeTarget section */

/* Begin PBXProject section */
		412296311F9F0FD0002DDD1C /* Project object */ = {
			isa = PBXProject;
			attributes = {
				LastSwiftUpdateCheck = 0900;
				LastUpgradeCheck = 0900;
				ORGANIZATIONNAME = "Ai Yamamoto";
				TargetAttributes = {
					412296381F9F0FD0002DDD1C = {
						CreatedOnToolsVersion = 9.0.1;
						ProvisioningStyle = Automatic;
					};
				};
			};
			buildConfigurationList = 412296341F9F0FD0002DDD1C /* Build configuration list for PBXProject "youtube" */;
			compatibilityVersion = "Xcode 8.0";
			developmentRegion = en;
			hasScannedForEncodings = 0;
			knownRegions = (
				en,
				Base,
			);
			mainGroup = 412296301F9F0FD0002DDD1C;
			productRefGroup = 4122963A1F9F0FD0002DDD1C /* Products */;
			projectDirPath = "";
			projectRoot = "";
			targets = (
				412296381F9F0FD0002DDD1C /* youtube */,
			);
		};
/* End PBXProject section */

/* Begin PBXResourcesBuildPhase section */
		412296371F9F0FD0002DDD1C /* Resources */ = {
			isa = PBXResourcesBuildPhase;
			buildActionMask = 2147483647;
			files = (
				412296471F9F0FD0002DDD1C /* LaunchScreen.storyboard in Resources */,
				413499331FA29A9500EC14D1 /* Default-568h@2x.png in Resources */,
				412296441F9F0FD0002DDD1C /* Assets.xcassets in Resources */,
				412296421F9F0FD0002DDD1C /* Main.storyboard in Resources */,
			);
			runOnlyForDeploymentPostprocessing = 0;
		};
/* End PBXResourcesBuildPhase section */

/* Begin PBXSourcesBuildPhase section */
		412296351F9F0FD0002DDD1C /* Sources */ = {
			isa = PBXSourcesBuildPhase;
			buildActionMask = 2147483647;
			files = (
				4122963F1F9F0FD0002DDD1C /* HomeController.swift in Sources */,
				4134993E1FA400EA00EC14D1 /* FeedCell.swift in Sources */,
				4162CDA61FA17A3C002D1E11 /* Video.swift in Sources */,
				413499371FA2B32700EC14D1 /* SettingCell.swift in Sources */,
				4162CDA01FA1271A002D1E11 /* VideoCell.swift in Sources */,
				413499351FA2AAED00EC14D1 /* SettingsLauncher.swift in Sources */,
				4134993C1FA3DC9C00EC14D1 /* ApiService.swift in Sources */,
				4162CD9D1FA12687002D1E11 /* Extensions.swift in Sources */,
				4122963D1F9F0FD0002DDD1C /* AppDelegate.swift in Sources */,
				4162CDA31FA12BAE002D1E11 /* MenuBar.swift in Sources */,
			);
			runOnlyForDeploymentPostprocessing = 0;
		};
/* End PBXSourcesBuildPhase section */

/* Begin PBXVariantGroup section */
		412296401F9F0FD0002DDD1C /* Main.storyboard */ = {
			isa = PBXVariantGroup;
			children = (
				412296411F9F0FD0002DDD1C /* Base */,
			);
			name = Main.storyboard;
			sourceTree = "<group>";
		};
		412296451F9F0FD0002DDD1C /* LaunchScreen.storyboard */ = {
			isa = PBXVariantGroup;
			children = (
				412296461F9F0FD0002DDD1C /* Base */,
			);
			name = LaunchScreen.storyboard;
			sourceTree = "<group>";
		};
/* End PBXVariantGroup section */

/* Begin XCBuildConfiguration section */
		412296491F9F0FD0002DDD1C /* Debug */ = {
			isa = XCBuildConfiguration;
			buildSettings = {
				ALWAYS_SEARCH_USER_PATHS = NO;
				CLANG_ANALYZER_NONNULL = YES;
				CLANG_ANALYZER_NUMBER_OBJECT_CONVERSION = YES_AGGRESSIVE;
				CLANG_CXX_LANGUAGE_STANDARD = "gnu++14";
				CLANG_CXX_LIBRARY = "libc++";
				CLANG_ENABLE_MODULES = YES;
				CLANG_ENABLE_OBJC_ARC = YES;
				CLANG_WARN_BLOCK_CAPTURE_AUTORELEASING = YES;
				CLANG_WARN_BOOL_CONVERSION = YES;
				CLANG_WARN_COMMA = YES;
				CLANG_WARN_CONSTANT_CONVERSION = YES;
				CLANG_WARN_DIRECT_OBJC_ISA_USAGE = YES_ERROR;
				CLANG_WARN_DOCUMENTATION_COMMENTS = YES;
				CLANG_WARN_EMPTY_BODY = YES;
				CLANG_WARN_ENUM_CONVERSION = YES;
				CLANG_WARN_INFINITE_RECURSION = YES;
				CLANG_WARN_INT_CONVERSION = YES;
				CLANG_WARN_NON_LITERAL_NULL_CONVERSION = YES;
				CLANG_WARN_OBJC_LITERAL_CONVERSION = YES;
				CLANG_WARN_OBJC_ROOT_CLASS = YES_ERROR;
				CLANG_WARN_RANGE_LOOP_ANALYSIS = YES;
				CLANG_WARN_STRICT_PROTOTYPES = YES;
				CLANG_WARN_SUSPICIOUS_MOVE = YES;
				CLANG_WARN_UNGUARDED_AVAILABILITY = YES_AGGRESSIVE;
				CLANG_WARN_UNREACHABLE_CODE = YES;
				CLANG_WARN__DUPLICATE_METHOD_MATCH = YES;
				CODE_SIGN_IDENTITY = "iPhone Developer";
				COPY_PHASE_STRIP = NO;
				DEBUG_INFORMATION_FORMAT = dwarf;
				ENABLE_STRICT_OBJC_MSGSEND = YES;
				ENABLE_TESTABILITY = YES;
				GCC_C_LANGUAGE_STANDARD = gnu11;
				GCC_DYNAMIC_NO_PIC = NO;
				GCC_NO_COMMON_BLOCKS = YES;
				GCC_OPTIMIZATION_LEVEL = 0;
				GCC_PREPROCESSOR_DEFINITIONS = (
					"DEBUG=1",
					"$(inherited)",
				);
				GCC_WARN_64_TO_32_BIT_CONVERSION = YES;
				GCC_WARN_ABOUT_RETURN_TYPE = YES_ERROR;
				GCC_WARN_UNDECLARED_SELECTOR = YES;
				GCC_WARN_UNINITIALIZED_AUTOS = YES_AGGRESSIVE;
				GCC_WARN_UNUSED_FUNCTION = YES;
				GCC_WARN_UNUSED_VARIABLE = YES;
				IPHONEOS_DEPLOYMENT_TARGET = 11.0;
				MTL_ENABLE_DEBUG_INFO = YES;
				ONLY_ACTIVE_ARCH = YES;
				SDKROOT = iphoneos;
				SWIFT_ACTIVE_COMPILATION_CONDITIONS = DEBUG;
				SWIFT_OPTIMIZATION_LEVEL = "-Onone";
			};
			name = Debug;
		};
		4122964A1F9F0FD0002DDD1C /* Release */ = {
			isa = XCBuildConfiguration;
			buildSettings = {
				ALWAYS_SEARCH_USER_PATHS = NO;
				CLANG_ANALYZER_NONNULL = YES;
				CLANG_ANALYZER_NUMBER_OBJECT_CONVERSION = YES_AGGRESSIVE;
				CLANG_CXX_LANGUAGE_STANDARD = "gnu++14";
				CLANG_CXX_LIBRARY = "libc++";
				CLANG_ENABLE_MODULES = YES;
				CLANG_ENABLE_OBJC_ARC = YES;
				CLANG_WARN_BLOCK_CAPTURE_AUTORELEASING = YES;
				CLANG_WARN_BOOL_CONVERSION = YES;
				CLANG_WARN_COMMA = YES;
				CLANG_WARN_CONSTANT_CONVERSION = YES;
				CLANG_WARN_DIRECT_OBJC_ISA_USAGE = YES_ERROR;
				CLANG_WARN_DOCUMENTATION_COMMENTS = YES;
				CLANG_WARN_EMPTY_BODY = YES;
				CLANG_WARN_ENUM_CONVERSION = YES;
				CLANG_WARN_INFINITE_RECURSION = YES;
				CLANG_WARN_INT_CONVERSION = YES;
				CLANG_WARN_NON_LITERAL_NULL_CONVERSION = YES;
				CLANG_WARN_OBJC_LITERAL_CONVERSION = YES;
				CLANG_WARN_OBJC_ROOT_CLASS = YES_ERROR;
				CLANG_WARN_RANGE_LOOP_ANALYSIS = YES;
				CLANG_WARN_STRICT_PROTOTYPES = YES;
				CLANG_WARN_SUSPICIOUS_MOVE = YES;
				CLANG_WARN_UNGUARDED_AVAILABILITY = YES_AGGRESSIVE;
				CLANG_WARN_UNREACHABLE_CODE = YES;
				CLANG_WARN__DUPLICATE_METHOD_MATCH = YES;
				CODE_SIGN_IDENTITY = "iPhone Developer";
				COPY_PHASE_STRIP = NO;
				DEBUG_INFORMATION_FORMAT = "dwarf-with-dsym";
				ENABLE_NS_ASSERTIONS = NO;
				ENABLE_STRICT_OBJC_MSGSEND = YES;
				GCC_C_LANGUAGE_STANDARD = gnu11;
				GCC_NO_COMMON_BLOCKS = YES;
				GCC_WARN_64_TO_32_BIT_CONVERSION = YES;
				GCC_WARN_ABOUT_RETURN_TYPE = YES_ERROR;
				GCC_WARN_UNDECLARED_SELECTOR = YES;
				GCC_WARN_UNINITIALIZED_AUTOS = YES_AGGRESSIVE;
				GCC_WARN_UNUSED_FUNCTION = YES;
				GCC_WARN_UNUSED_VARIABLE = YES;
				IPHONEOS_DEPLOYMENT_TARGET = 11.0;
				MTL_ENABLE_DEBUG_INFO = NO;
				SDKROOT = iphoneos;
				SWIFT_OPTIMIZATION_LEVEL = "-Owholemodule";
				VALIDATE_PRODUCT = YES;
			};
			name = Release;
		};
		4122964C1F9F0FD0002DDD1C /* Debug */ = {
			isa = XCBuildConfiguration;
			buildSettings = {
				ASSETCATALOG_COMPILER_APPICON_NAME = AppIcon;
				CODE_SIGN_STYLE = Automatic;
				DEVELOPMENT_TEAM = Y23F6SFGXW;
				INFOPLIST_FILE = youtube/Info.plist;
				LD_RUNPATH_SEARCH_PATHS = "$(inherited) @executable_path/Frameworks";
				PRODUCT_BUNDLE_IDENTIFIER = aiyamamoto.youtube;
				PRODUCT_NAME = "$(TARGET_NAME)";
				SWIFT_VERSION = 4.0;
				TARGETED_DEVICE_FAMILY = "1,2";
			};
			name = Debug;
		};
		4122964D1F9F0FD0002DDD1C /* Release */ = {
			isa = XCBuildConfiguration;
			buildSettings = {
				ASSETCATALOG_COMPILER_APPICON_NAME = AppIcon;
				CODE_SIGN_STYLE = Automatic;
				DEVELOPMENT_TEAM = Y23F6SFGXW;
				INFOPLIST_FILE = youtube/Info.plist;
				LD_RUNPATH_SEARCH_PATHS = "$(inherited) @executable_path/Frameworks";
				PRODUCT_BUNDLE_IDENTIFIER = aiyamamoto.youtube;
				PRODUCT_NAME = "$(TARGET_NAME)";
				SWIFT_VERSION = 4.0;
				TARGETED_DEVICE_FAMILY = "1,2";
			};
			name = Release;
		};
/* End XCBuildConfiguration section */

/* Begin XCConfigurationList section */
		412296341F9F0FD0002DDD1C /* Build configuration list for PBXProject "youtube" */ = {
			isa = XCConfigurationList;
			buildConfigurations = (
				412296491F9F0FD0002DDD1C /* Debug */,
				4122964A1F9F0FD0002DDD1C /* Release */,
			);
			defaultConfigurationIsVisible = 0;
			defaultConfigurationName = Release;
		};
		4122964B1F9F0FD0002DDD1C /* Build configuration list for PBXNativeTarget "youtube" */ = {
			isa = XCConfigurationList;
			buildConfigurations = (
				4122964C1F9F0FD0002DDD1C /* Debug */,
				4122964D1F9F0FD0002DDD1C /* Release */,
			);
			defaultConfigurationIsVisible = 0;
			defaultConfigurationName = Release;
		};
/* End XCConfigurationList section */
	};
	rootObject = 412296311F9F0FD0002DDD1C /* Project object */;
}
